
Microsoft Visual Studio Solution File, Format Version 12.00
# Visual Studio 15
VisualStudioVersion = 15.0.28010.2016
MinimumVisualStudioVersion = 10.0.40219.1
Project("{FAE04EC0-301F-11D3-BF4B-00C04F79EFBC}") = "DictionarySample", "DictionarySample\DictionarySample.csproj", "{99650CE5-5049-4D07-B9E8-374A8BBB08B9}"
EndProject
Global
	GlobalSection(SolutionConfigurationPlatforms) = preSolution
		Debug|Any CPU = Debug|Any CPU
		Release|Any CPU = Release|Any CPU
	EndGlobalSection
	GlobalSection(ProjectConfigurationPlatforms) = postSolution
		{99650CE5-5049-4D07-B9E8-374A8BBB08B9}.Debug|Any CPU.ActiveCfg = Debug|Any CPU
		{99650CE5-5049-4D07-B9E8-374A8BBB08B9}.Debug|Any CPU.Build.0 = Debug|Any CPU
		{99650CE5-5049-4D07-B9E8-374A8BBB08B9}.Release|Any CPU.ActiveCfg = Release|Any CPU
		{99650CE5-5049-4D07-B9E8-374A8BBB08B9}.Release|Any CPU.Build.0 = Release|Any CPU
	EndGlobalSection
	GlobalSection(SolutionProperties) = preSolution
		HideSolutionNode = FALSE
	EndGlobalSection
	GlobalSection(ExtensibilityGlobals) = postSolution
		SolutionGuid = {198AAC22-674B-472C-B6A2-8359773DAA12}
	EndGlobalSection
EndGlobal
